{
  "name": "barangay_mis_frontend",
  "lockfileVersion": 3,
  "requires": true,
  "packages": {
    "": {
      "dependencies": {
        "ionicons": "^7.4.0"
      }
    },
    "node_modules/@stencil/core": {
      "version": "4.27.0",
      "resolved": "https://registry.npmjs.org/@stencil/core/-/core-4.27.0.tgz",
      "integrity": "sha512-GOA+pvSpwL734yijTB8+LHesqPq3o/K6IaCrNoZybNVpe6lgVfvciDwPeP1XOj6JZpA/Lp8Uh3U9znoS8qgwOA==",
      "license": "MIT",
      "bin": {
        "stencil": "bin/stencil"
      },
      "engines": {
        "node": ">=16.0.0",
        "npm": ">=7.10.0"
      }
    },
    "node_modules/ionicons": {
      "version": "7.4.0",
      "resolved": "https://registry.npmjs.org/ionicons/-/ionicons-7.4.0.tgz",
      "integrity": "sha512-ZK94MMqgzMCPPMhmk8Ouu6goyVHFIlw/ACP6oe3FrikcI0N7CX0xcwVaEbUc0G/v3W0shI93vo+9ve/KpvcNhQ==",
      "license": "MIT",
      "dependencies": {
        "@stencil/core": "^4.0.3"
      }
    }
  }
}
